
Microsoft Visual Studio Solution File, Format Version 12.00
# Visual Studio Version 17
VisualStudioVersion = 17.14.36705.20
MinimumVisualStudioVersion = 10.0.40219.1
Project("{FAE04EC0-301F-11D3-BF4B-00C04F79EFBC}") = "eNote.API", "eNote.API\eNote.API.csproj", "{AD813745-0078-44E4-BD2E-3E21372DB3C3}"
EndProject
Project("{FAE04EC0-301F-11D3-BF4B-00C04F79EFBC}") = "eNote.Model", "eNote.Model\eNote.Model.csproj", "{7019BADE-6F2E-414E-B824-FD50AAEB0565}"
EndProject
Project("{FAE04EC0-301F-11D3-BF4B-00C04F79EFBC}") = "eNote.Service", "eNote.Services\eNote.Service.csproj", "{0810E749-A6D3-41F4-95C6-612DE8365BBC}"
EndProject
Project("{FAE04EC0-301F-11D3-BF4B-00C04F79EFBC}") = "eNote.Infrastructure", "eNote.Infrastructure\eNote.Infrastructure.csproj", "{8427B1F9-1B38-484E-9D9E-00A063613742}"
EndProject
Global
	GlobalSection(SolutionConfigurationPlatforms) = preSolution
		Debug|Any CPU = Debug|Any CPU
		Release|Any CPU = Release|Any CPU
	EndGlobalSection
	GlobalSection(ProjectConfigurationPlatforms) = postSolution
		{AD813745-0078-44E4-BD2E-3E21372DB3C3}.Debug|Any CPU.ActiveCfg = Debug|Any CPU
		{AD813745-0078-44E4-BD2E-3E21372DB3C3}.Debug|Any CPU.Build.0 = Debug|Any CPU
		{AD813745-0078-44E4-BD2E-3E21372DB3C3}.Release|Any CPU.ActiveCfg = Release|Any CPU
		{AD813745-0078-44E4-BD2E-3E21372DB3C3}.Release|Any CPU.Build.0 = Release|Any CPU
		{7019BADE-6F2E-414E-B824-FD50AAEB0565}.Debug|Any CPU.ActiveCfg = Debug|Any CPU
		{7019BADE-6F2E-414E-B824-FD50AAEB0565}.Debug|Any CPU.Build.0 = Debug|Any CPU
		{7019BADE-6F2E-414E-B824-FD50AAEB0565}.Release|Any CPU.ActiveCfg = Release|Any CPU
		{7019BADE-6F2E-414E-B824-FD50AAEB0565}.Release|Any CPU.Build.0 = Release|Any CPU
		{0810E749-A6D3-41F4-95C6-612DE8365BBC}.Debug|Any CPU.ActiveCfg = Debug|Any CPU
		{0810E749-A6D3-41F4-95C6-612DE8365BBC}.Debug|Any CPU.Build.0 = Debug|Any CPU
		{0810E749-A6D3-41F4-95C6-612DE8365BBC}.Release|Any CPU.ActiveCfg = Release|Any CPU
		{0810E749-A6D3-41F4-95C6-612DE8365BBC}.Release|Any CPU.Build.0 = Release|Any CPU
		{8427B1F9-1B38-484E-9D9E-00A063613742}.Debug|Any CPU.ActiveCfg = Debug|Any CPU
		{8427B1F9-1B38-484E-9D9E-00A063613742}.Debug|Any CPU.Build.0 = Debug|Any CPU
		{8427B1F9-1B38-484E-9D9E-00A063613742}.Release|Any CPU.ActiveCfg = Release|Any CPU
		{8427B1F9-1B38-484E-9D9E-00A063613742}.Release|Any CPU.Build.0 = Release|Any CPU
	EndGlobalSection
	GlobalSection(SolutionProperties) = preSolution
		HideSolutionNode = FALSE
	EndGlobalSection
	GlobalSection(ExtensibilityGlobals) = postSolution
		SolutionGuid = {7AA0DC66-2BF3-49B6-AB84-0D4673F726A0}
	EndGlobalSection
EndGlobal
